// !$*UTF8*$!
{
	archiveVersion = 1;
	classes = {
	};
	objectVersion = 50;
	objects = {

/* Begin PBXBuildFile section */
		11BC819625045B3100E4D38C /* AppDelegate.swift in Sources */ = {isa = PBXBuildFile; fileRef = 11BC819525045B3100E4D38C /* AppDelegate.swift */; };
		11BC819825045B3100E4D38C /* SceneDelegate.swift in Sources */ = {isa = PBXBuildFile; fileRef = 11BC819725045B3100E4D38C /* SceneDelegate.swift */; };
		11BC819A25045B3100E4D38C /* ViewController.swift in Sources */ = {isa = PBXBuildFile; fileRef = 11BC819925045B3100E4D38C /* ViewController.swift */; };
		11BC819D25045B3100E4D38C /* Main.storyboard in Resources */ = {isa = PBXBuildFile; fileRef = 11BC819B25045B3100E4D38C /* Main.storyboard */; };
		11BC819F25045B3300E4D38C /* Assets.xcassets in Resources */ = {isa = PBXBuildFile; fileRef = 11BC819E25045B3300E4D38C /* Assets.xcassets */; };
		11BC81A225045B3300E4D38C /* LaunchScreen.storyboard in Resources */ = {isa = PBXBuildFile; fileRef = 11BC81A025045B3300E4D38C /* LaunchScreen.storyboard */; };
		11BC81AD25045B3300E4D38C /* TipCalculatorTests.swift in Sources */ = {isa = PBXBuildFile; fileRef = 11BC81AC25045B3300E4D38C /* TipCalculatorTests.swift */; };
		11BC81B825045B3300E4D38C /* TipCalculatorUITests.swift in Sources */ = {isa = PBXBuildFile; fileRef = 11BC81B725045B3300E4D38C /* TipCalculatorUITests.swift */; };
/* End PBXBuildFile section */

/* Begin PBXContainerItemProxy section */
		11BC81A925045B3300E4D38C /* PBXContainerItemProxy */ = {
			isa = PBXContainerItemProxy;
			containerPortal = 11BC818A25045B3100E4D38C /* Project object */;
			proxyType = 1;
			remoteGlobalIDString = 11BC819125045B3100E4D38C;
			remoteInfo = TipCalculator;
		};
		11BC81B425045B3300E4D38C /* PBXContainerItemProxy */ = {
			isa = PBXContainerItemProxy;
			containerPortal = 11BC818A25045B3100E4D38C /* Project object */;
			proxyType = 1;
			remoteGlobalIDString = 11BC819125045B3100E4D38C;
			remoteInfo = TipCalculator;
		};
/* End PBXContainerItemProxy section */

/* Begin PBXFileReference section */
		11BC819225045B3100E4D38C /* TipCalculator.app */ = {isa = PBXFileReference; explicitFileType = wrapper.application; includeInIndex = 0; path = TipCalculator.app; sourceTree = BUILT_PRODUCTS_DIR; };
		11BC819525045B3100E4D38C /* AppDelegate.swift */ = {isa = PBXFileReference; lastKnownFileType = sourcecode.swift; path = AppDelegate.swift; sourceTree = "<group>"; };
		11BC819725045B3100E4D38C /* SceneDelegate.swift */ = {isa = PBXFileReference; lastKnownFileType = sourcecode.swift; path = SceneDelegate.swift; sourceTree = "<group>"; };
		11BC819925045B3100E4D38C /* ViewController.swift */ = {isa = PBXFileReference; lastKnownFileType = sourcecode.swift; path = ViewController.swift; sourceTree = "<group>"; };
		11BC819C25045B3100E4D38C /* Base */ = {isa = PBXFileReference; lastKnownFileType = file.storyboard; name = Base; path = Base.lproj/Main.storyboard; sourceTree = "<group>"; };
		11BC819E25045B3300E4D38C /* Assets.xcassets */ = {isa = PBXFileReference; lastKnownFileType = folder.assetcatalog; path = Assets.xcassets; sourceTree = "<group>"; };
		11BC81A125045B3300E4D38C /* Base */ = {isa = PBXFileReference; lastKnownFileType = file.storyboard; name = Base; path = Base.lproj/LaunchScreen.storyboard; sourceTree = "<group>"; };
		11BC81A325045B3300E4D38C /* Info.plist */ = {isa = PBXFileReference; lastKnownFileType = text.plist.xml; path = Info.plist; sourceTree = "<group>"; };
		11BC81A825045B3300E4D38C /* TipCalculatorTests.xctest */ = {isa = PBXFileReference; explicitFileType = wrapper.cfbundle; includeInIndex = 0; path = TipCalculatorTests.xctest; sourceTree = BUILT_PRODUCTS_DIR; };
		11BC81AC25045B3300E4D38C /* TipCalculatorTests.swift */ = {isa = PBXFileReference; lastKnownFileType = sourcecode.swift; path = TipCalculatorTests.swift; sourceTree = "<group>"; };
		11BC81AE25045B3300E4D38C /* Info.plist */ = {isa = PBXFileReference; lastKnownFileType = text.plist.xml; path = Info.plist; sourceTree = "<group>"; };
		11BC81B325045B3300E4D38C /* TipCalculatorUITests.xctest */ = {isa = PBXFileReference; explicitFileType = wrapper.cfbundle; includeInIndex = 0; path = TipCalculatorUITests.xctest; sourceTree = BUILT_PRODUCTS_DIR; };
		11BC81B725045B3300E4D38C /* TipCalculatorUITests.swift */ = {isa = PBXFileReference; lastKnownFileType = sourcecode.swift; path = TipCalculatorUITests.swift; sourceTree = "<group>"; };
		11BC81B925045B3300E4D38C /* Info.plist */ = {isa = PBXFileReference; lastKnownFileType = text.plist.xml; path = Info.plist; sourceTree = "<group>"; };
/* End PBXFileReference section */

/* Begin PBXFrameworksBuildPhase section */
		11BC818F25045B3100E4D38C /* Frameworks */ = {
			isa = PBXFrameworksBuildPhase;
			buildActionMask = 2147483647;
			files = (
			);
			runOnlyForDeploymentPostprocessing = 0;
		};
		11BC81A525045B3300E4D38C /* Frameworks */ = {
			isa = PBXFrameworksBuildPhase;
			buildActionMask = 2147483647;
			files = (
			);
			runOnlyForDeploymentPostprocessing = 0;
		};
		11BC81B025045B3300E4D38C /* Frameworks */ = {
			isa = PBXFrameworksBuildPhase;
			buildActionMask = 2147483647;
			files = (
			);
			runOnlyForDeploymentPostprocessing = 0;
		};
/* End PBXFrameworksBuildPhase section */

/* Begin PBXGroup section */
		11BC818925045B3100E4D38C = {
			isa = PBXGroup;
			children = (
				11BC819425045B3100E4D38C /* TipCalculator */,
				11BC81AB25045B3300E4D38C /* TipCalculatorTests */,
				11BC81B625045B3300E4D38C /* TipCalculatorUITests */,
				11BC819325045B3100E4D38C /* Products */,
			);
			sourceTree = "<group>";
		};
		11BC819325045B3100E4D38C /* Products */ = {
			isa = PBXGroup;
			children = (
				11BC819225045B3100E4D38C /* TipCalculator.app */,
				11BC81A825045B3300E4D38C /* TipCalculatorTests.xctest */,
				11BC81B325045B3300E4D38C /* TipCalculatorUITests.xctest */,
			);
			name = Products;
			sourceTree = "<group>";
		};
		11BC819425045B3100E4D38C /* TipCalculator */ = {
			isa = PBXGroup;
			children = (
				11BC819525045B3100E4D38C /* AppDelegate.swift */,
				11BC819725045B3100E4D38C /* SceneDelegate.swift */,
				11BC819925045B3100E4D38C /* ViewController.swift */,
				11BC819B25045B3100E4D38C /* Main.storyboard */,
				11BC819E25045B3300E4D38C /* Assets.xcassets */,
				11BC81A025045B3300E4D38C /* LaunchScreen.storyboard */,
				11BC81A325045B3300E4D38C /* Info.plist */,
			);
			path = TipCalculator;
			sourceTree = "<group>";
		};
		11BC81AB25045B3300E4D38C /* TipCalculatorTests */ = {
			isa = PBXGroup;
			children = (
				11BC81AC25045B3300E4D38C /* TipCalculatorTests.swift */,
				11BC81AE25045B3300E4D38C /* Info.plist */,
			);
			path = TipCalculatorTests;
			sourceTree = "<group>";
		};
		11BC81B625045B3300E4D38C /* TipCalculatorUITests */ = {
			isa = PBXGroup;
			children = (
				11BC81B725045B3300E4D38C /* TipCalculatorUITests.swift */,
				11BC81B925045B3300E4D38C /* Info.plist */,
			);
			path = TipCalculatorUITests;
			sourceTree = "<group>";
		};
/* End PBXGroup section */

/* Begin PBXNativeTarget section */
		11BC819125045B3100E4D38C /* TipCalculator */ = {
			isa = PBXNativeTarget;
			buildConfigurationList = 11BC81BC25045B3300E4D38C /* Build configuration list for PBXNativeTarget "TipCalculator" */;
			buildPhases = (
				11BC818E25045B3100E4D38C /* Sources */,
				11BC818F25045B3100E4D38C /* Frameworks */,
				11BC819025045B3100E4D38C /* Resources */,
			);
			buildRules = (
			);
			dependencies = (
			);
			name = TipCalculator;
			productName = TipCalculator;
			productReference = 11BC819225045B3100E4D38C /* TipCalculator.app */;
			productType = "com.apple.product-type.application";
		};
		11BC81A725045B3300E4D38C /* TipCalculatorTests */ = {
			isa = PBXNativeTarget;
			buildConfigurationList = 11BC81BF25045B3300E4D38C /* Build configuration list for PBXNativeTarget "TipCalculatorTests" */;
			buildPhases = (
				11BC81A425045B3300E4D38C /* Sources */,
				11BC81A525045B3300E4D38C /* Frameworks */,
				11BC81A625045B3300E4D38C /* Resources */,
			);
			buildRules = (
			);
			dependencies = (
				11BC81AA25045B3300E4D38C /* PBXTargetDependency */,
			);
			name = TipCalculatorTests;
			productName = TipCalculatorTests;
			productReference = 11BC81A825045B3300E4D38C /* TipCalculatorTests.xctest */;
			productType = "com.apple.product-type.bundle.unit-test";
		};
		11BC81B225045B3300E4D38C /* TipCalculatorUITests */ = {
			isa = PBXNativeTarget;
			buildConfigurationList = 11BC81C225045B3300E4D38C /* Build configuration list for PBXNativeTarget "TipCalculatorUITests" */;
			buildPhases = (
				11BC81AF25045B3300E4D38C /* Sources */,
				11BC81B025045B3300E4D38C /* Frameworks */,
				11BC81B125045B3300E4D38C /* Resources */,
			);
			buildRules = (
			);
			dependencies = (
				11BC81B525045B3300E4D38C /* PBXTargetDependency */,
			);
			name = TipCalculatorUITests;
			productName = TipCalculatorUITests;
			productReference = 11BC81B325045B3300E4D38C /* TipCalculatorUITests.xctest */;
			productType = "com.apple.product-type.bundle.ui-testing";
		};
/* End PBXNativeTarget section */

/* Begin PBXProject section */
		11BC818A25045B3100E4D38C /* Project object */ = {
			isa = PBXProject;
			attributes = {
				LastSwiftUpdateCheck = 1170;
				LastUpgradeCheck = 1170;
				ORGANIZATIONNAME = Codepath;
				TargetAttributes = {
					11BC819125045B3100E4D38C = {
						CreatedOnToolsVersion = 11.7;
					};
					11BC81A725045B3300E4D38C = {
						CreatedOnToolsVersion = 11.7;
						TestTargetID = 11BC819125045B3100E4D38C;
					};
					11BC81B225045B3300E4D38C = {
						CreatedOnToolsVersion = 11.7;
						TestTargetID = 11BC819125045B3100E4D38C;
					};
				};
			};
			buildConfigurationList = 11BC818D25045B3100E4D38C /* Build configuration list for PBXProject "TipCalculator" */;
			compatibilityVersion = "Xcode 9.3";
			developmentRegion = en;
			hasScannedForEncodings = 0;
			knownRegions = (
				en,
				Base,
			);
			mainGroup = 11BC818925045B3100E4D38C;
			productRefGroup = 11BC819325045B3100E4D38C /* Products */;
			projectDirPath = "";
			projectRoot = "";
			targets = (
				11BC819125045B3100E4D38C /* TipCalculator */,
				11BC81A725045B3300E4D38C /* TipCalculatorTests */,
				11BC81B225045B3300E4D38C /* TipCalculatorUITests */,
			);
		};
/* End PBXProject section */

/* Begin PBXResourcesBuildPhase section */
		11BC819025045B3100E4D38C /* Resources */ = {
			isa = PBXResourcesBuildPhase;
			buildActionMask = 2147483647;
			files = (
				11BC81A225045B3300E4D38C /* LaunchScreen.storyboard in Resources */,
				11BC819F25045B3300E4D38C /* Assets.xcassets in Resources */,
				11BC819D25045B3100E4D38C /* Main.storyboard in Resources */,
			);
			runOnlyForDeploymentPostprocessing = 0;
		};
		11BC81A625045B3300E4D38C /* Resources */ = {
			isa = PBXResourcesBuildPhase;
			buildActionMask = 2147483647;
			files = (
			);
			runOnlyForDeploymentPostprocessing = 0;
		};
		11BC81B125045B3300E4D38C /* Resources */ = {
			isa = PBXResourcesBuildPhase;
			buildActionMask = 2147483647;
			files = (
			);
			runOnlyForDeploymentPostprocessing = 0;
		};
/* End PBXResourcesBuildPhase section */

/* Begin PBXSourcesBuildPhase section */
		11BC818E25045B3100E4D38C /* Sources */ = {
			isa = PBXSourcesBuildPhase;
			buildActionMask = 2147483647;
			files = (
				11BC819A25045B3100E4D38C /* ViewController.swift in Sources */,
				11BC819625045B3100E4D38C /* AppDelegate.swift in Sources */,
				11BC819825045B3100E4D38C /* SceneDelegate.swift in Sources */,
			);
			runOnlyForDeploymentPostprocessing = 0;
		};
		11BC81A425045B3300E4D38C /* Sources */ = {
			isa = PBXSourcesBuildPhase;
			buildActionMask = 2147483647;
			files = (
				11BC81AD25045B3300E4D38C /* TipCalculatorTests.swift in Sources */,
			);
			runOnlyForDeploymentPostprocessing = 0;
		};
		11BC81AF25045B3300E4D38C /* Sources */ = {
			isa = PBXSourcesBuildPhase;
			buildActionMask = 2147483647;
			files = (
				11BC81B825045B3300E4D38C /* TipCalculatorUITests.swift in Sources */,
			);
			runOnlyForDeploymentPostprocessing = 0;
		};
/* End PBXSourcesBuildPhase section */

/* Begin PBXTargetDependency section */
		11BC81AA25045B3300E4D38C /* PBXTargetDependency */ = {
			isa = PBXTargetDependency;
			target = 11BC819125045B3100E4D38C /* TipCalculator */;
			targetProxy = 11BC81A925045B3300E4D38C /* PBXContainerItemProxy */;
		};
		11BC81B525045B3300E4D38C /* PBXTargetDependency */ = {
			isa = PBXTargetDependency;
			target = 11BC819125045B3100E4D38C /* TipCalculator */;
			targetProxy = 11BC81B425045B3300E4D38C /* PBXContainerItemProxy */;
		};
/* End PBXTargetDependency section */

/* Begin PBXVariantGroup section */
		11BC819B25045B3100E4D38C /* Main.storyboard */ = {
			isa = PBXVariantGroup;
			children = (
				11BC819C25045B3100E4D38C /* Base */,
			);
			name = Main.storyboard;
			sourceTree = "<group>";
		};
		11BC81A025045B3300E4D38C /* LaunchScreen.storyboard */ = {
			isa = PBXVariantGroup;
			children = (
				11BC81A125045B3300E4D38C /* Base */,
			);
			name = LaunchScreen.storyboard;
			sourceTree = "<group>";
		};
/* End PBXVariantGroup section */

/* Begin XCBuildConfiguration section */
		11BC81BA25045B3300E4D38C /* Debug */ = {
			isa = XCBuildConfiguration;
			buildSettings = {
				ALWAYS_SEARCH_USER_PATHS = NO;
				CLANG_ANALYZER_NONNULL = YES;
				CLANG_ANALYZER_NUMBER_OBJECT_CONVERSION = YES_AGGRESSIVE;
				CLANG_CXX_LANGUAGE_STANDARD = "gnu++14";
				CLANG_CXX_LIBRARY = "libc++";
				CLANG_ENABLE_MODULES = YES;
				CLANG_ENABLE_OBJC_ARC = YES;
				CLANG_ENABLE_OBJC_WEAK = YES;
				CLANG_WARN_BLOCK_CAPTURE_AUTORELEASING = YES;
				CLANG_WARN_BOOL_CONVERSION = YES;
				CLANG_WARN_COMMA = YES;
				CLANG_WARN_CONSTANT_CONVERSION = YES;
				CLANG_WARN_DEPRECATED_OBJC_IMPLEMENTATIONS = YES;
				CLANG_WARN_DIRECT_OBJC_ISA_USAGE = YES_ERROR;
				CLANG_WARN_DOCUMENTATION_COMMENTS = YES;
				CLANG_WARN_EMPTY_BODY = YES;
				CLANG_WARN_ENUM_CONVERSION = YES;
				CLANG_WARN_INFINITE_RECURSION = YES;
				CLANG_WARN_INT_CONVERSION = YES;
				CLANG_WARN_NON_LITERAL_NULL_CONVERSION = YES;
				CLANG_WARN_OBJC_IMPLICIT_RETAIN_SELF = YES;
				CLANG_WARN_OBJC_LITERAL_CONVERSION = YES;
				CLANG_WARN_OBJC_ROOT_CLASS = YES_ERROR;
				CLANG_WARN_RANGE_LOOP_ANALYSIS = YES;
				CLANG_WARN_STRICT_PROTOTYPES = YES;
				CLANG_WARN_SUSPICIOUS_MOVE = YES;
				CLANG_WARN_UNGUARDED_AVAILABILITY = YES_AGGRESSIVE;
				CLANG_WARN_UNREACHABLE_CODE = YES;
				CLANG_WARN__DUPLICATE_METHOD_MATCH = YES;
				COPY_PHASE_STRIP = NO;
				DEBUG_INFORMATION_FORMAT = dwarf;
				ENABLE_STRICT_OBJC_MSGSEND = YES;
				ENABLE_TESTABILITY = YES;
				GCC_C_LANGUAGE_STANDARD = gnu11;
				GCC_DYNAMIC_NO_PIC = NO;
				GCC_NO_COMMON_BLOCKS = YES;
				GCC_OPTIMIZATION_LEVEL = 0;
				GCC_PREPROCESSOR_DEFINITIONS = (
					"DEBUG=1",
					"$(inherited)",
				);
				GCC_WARN_64_TO_32_BIT_CONVERSION = YES;
				GCC_WARN_ABOUT_RETURN_TYPE = YES_ERROR;
				GCC_WARN_UNDECLARED_SELECTOR = YES;
				GCC_WARN_UNINITIALIZED_AUTOS = YES_AGGRESSIVE;
				GCC_WARN_UNUSED_FUNCTION = YES;
				GCC_WARN_UNUSED_VARIABLE = YES;
				IPHONEOS_DEPLOYMENT_TARGET = 13.7;
				MTL_ENABLE_DEBUG_INFO = INCLUDE_SOURCE;
				MTL_FAST_MATH = YES;
				ONLY_ACTIVE_ARCH = YES;
				SDKROOT = iphoneos;
				SWIFT_ACTIVE_COMPILATION_CONDITIONS = DEBUG;
				SWIFT_OPTIMIZATION_LEVEL = "-Onone";
			};
			name = Debug;
		};
		11BC81BB25045B3300E4D38C /* Release */ = {
			isa = XCBuildConfiguration;
			buildSettings = {
				ALWAYS_SEARCH_USER_PATHS = NO;
				CLANG_ANALYZER_NONNULL = YES;
				CLANG_ANALYZER_NUMBER_OBJECT_CONVERSION = YES_AGGRESSIVE;
				CLANG_CXX_LANGUAGE_STANDARD = "gnu++14";
				CLANG_CXX_LIBRARY = "libc++";
				CLANG_ENABLE_MODULES = YES;
				CLANG_ENABLE_OBJC_ARC = YES;
				CLANG_ENABLE_OBJC_WEAK = YES;
				CLANG_WARN_BLOCK_CAPTURE_AUTORELEASING = YES;
				CLANG_WARN_BOOL_CONVERSION = YES;
				CLANG_WARN_COMMA = YES;
				CLANG_WARN_CONSTANT_CONVERSION = YES;
				CLANG_WARN_DEPRECATED_OBJC_IMPLEMENTATIONS = YES;
				CLANG_WARN_DIRECT_OBJC_ISA_USAGE = YES_ERROR;
				CLANG_WARN_DOCUMENTATION_COMMENTS = YES;
				CLANG_WARN_EMPTY_BODY = YES;
				CLANG_WARN_ENUM_CONVERSION = YES;
				CLANG_WARN_INFINITE_RECURSION = YES;
				CLANG_WARN_INT_CONVERSION = YES;
				CLANG_WARN_NON_LITERAL_NULL_CONVERSION = YES;
				CLANG_WARN_OBJC_IMPLICIT_RETAIN_SELF = YES;
				CLANG_WARN_OBJC_LITERAL_CONVERSION = YES;
				CLANG_WARN_OBJC_ROOT_CLASS = YES_ERROR;
				CLANG_WARN_RANGE_LOOP_ANALYSIS = YES;
				CLANG_WARN_STRICT_PROTOTYPES = YES;
				CLANG_WARN_SUSPICIOUS_MOVE = YES;
				CLANG_WARN_UNGUARDED_AVAILABILITY = YES_AGGRESSIVE;
				CLANG_WARN_UNREACHABLE_CODE = YES;
				CLANG_WARN__DUPLICATE_METHOD_MATCH = YES;
				COPY_PHASE_STRIP = NO;
				DEBUG_INFORMATION_FORMAT = "dwarf-with-dsym";
				ENABLE_NS_ASSERTIONS = NO;
				ENABLE_STRICT_OBJC_MSGSEND = YES;
				GCC_C_LANGUAGE_STANDARD = gnu11;
				GCC_NO_COMMON_BLOCKS = YES;
				GCC_WARN_64_TO_32_BIT_CONVERSION = YES;
				GCC_WARN_ABOUT_RETURN_TYPE = YES_ERROR;
				GCC_WARN_UNDECLARED_SELECTOR = YES;
				GCC_WARN_UNINITIALIZED_AUTOS = YES_AGGRESSIVE;
				GCC_WARN_UNUSED_FUNCTION = YES;
				GCC_WARN_UNUSED_VARIABLE = YES;
				IPHONEOS_DEPLOYMENT_TARGET = 13.7;
				MTL_ENABLE_DEBUG_INFO = NO;
				MTL_FAST_MATH = YES;
				SDKROOT = iphoneos;
				SWIFT_COMPILATION_MODE = wholemodule;
				SWIFT_OPTIMIZATION_LEVEL = "-O";
				VALIDATE_PRODUCT = YES;
			};
			name = Release;
		};
		11BC81BD25045B3300E4D38C /* Debug */ = {
			isa = XCBuildConfiguration;
			buildSettings = {
				ASSETCATALOG_COMPILER_APPICON_NAME = AppIcon;
				CODE_SIGN_STYLE = Automatic;
				INFOPLIST_FILE = TipCalculator/Info.plist;
				LD_RUNPATH_SEARCH_PATHS = (
					"$(inherited)",
					"@executable_path/Frameworks",
				);
				PRODUCT_BUNDLE_IDENTIFIER = Codepath.TipCalculator;
				PRODUCT_NAME = "$(TARGET_NAME)";
				SWIFT_VERSION = 5.0;
				TARGETED_DEVICE_FAMILY = "1,2";
			};
			name = Debug;
		};
		11BC81BE25045B3300E4D38C /* Release */ = {
			isa = XCBuildConfiguration;
			buildSettings = {
				ASSETCATALOG_COMPILER_APPICON_NAME = AppIcon;
				CODE_SIGN_STYLE = Automatic;
				INFOPLIST_FILE = TipCalculator/Info.plist;
				LD_RUNPATH_SEARCH_PATHS = (
					"$(inherited)",
					"@executable_path/Frameworks",
				);
				PRODUCT_BUNDLE_IDENTIFIER = Codepath.TipCalculator;
				PRODUCT_NAME = "$(TARGET_NAME)";
				SWIFT_VERSION = 5.0;
				TARGETED_DEVICE_FAMILY = "1,2";
			};
			name = Release;
		};
		11BC81C025045B3300E4D38C /* Debug */ = {
			isa = XCBuildConfiguration;
			buildSettings = {
				ALWAYS_EMBED_SWIFT_STANDARD_LIBRARIES = YES;
				BUNDLE_LOADER = "$(TEST_HOST)";
				CODE_SIGN_STYLE = Automatic;
				INFOPLIST_FILE = TipCalculatorTests/Info.plist;
				IPHONEOS_DEPLOYMENT_TARGET = 13.7;
				LD_RUNPATH_SEARCH_PATHS = (
					"$(inherited)",
					"@executable_path/Frameworks",
					"@loader_path/Frameworks",
				);
				PRODUCT_BUNDLE_IDENTIFIER = Codepath.TipCalculatorTests;
				PRODUCT_NAME = "$(TARGET_NAME)";
				SWIFT_VERSION = 5.0;
				TARGETED_DEVICE_FAMILY = "1,2";
				TEST_HOST = "$(BUILT_PRODUCTS_DIR)/TipCalculator.app/TipCalculator";
			};
			name = Debug;
		};
		11BC81C125045B3300E4D38C /* Release */ = {
			isa = XCBuildConfiguration;
			buildSettings = {
				ALWAYS_EMBED_SWIFT_STANDARD_LIBRARIES = YES;
				BUNDLE_LOADER = "$(TEST_HOST)";
				CODE_SIGN_STYLE = Automatic;
				INFOPLIST_FILE = TipCalculatorTests/Info.plist;
				IPHONEOS_DEPLOYMENT_TARGET = 13.7;
				LD_RUNPATH_SEARCH_PATHS = (
					"$(inherited)",
					"@executable_path/Frameworks",
					"@loader_path/Frameworks",
				);
				PRODUCT_BUNDLE_IDENTIFIER = Codepath.TipCalculatorTests;
				PRODUCT_NAME = "$(TARGET_NAME)";
				SWIFT_VERSION = 5.0;
				TARGETED_DEVICE_FAMILY = "1,2";
				TEST_HOST = "$(BUILT_PRODUCTS_DIR)/TipCalculator.app/TipCalculator";
			};
			name = Release;
		};
		11BC81C325045B3300E4D38C /* Debug */ = {
			isa = XCBuildConfiguration;
			buildSettings = {
				ALWAYS_EMBED_SWIFT_STANDARD_LIBRARIES = YES;
				CODE_SIGN_STYLE = Automatic;
				INFOPLIST_FILE = TipCalculatorUITests/Info.plist;
				LD_RUNPATH_SEARCH_PATHS = (
					"$(inherited)",
					"@executable_path/Frameworks",
					"@loader_path/Frameworks",
				);
				PRODUCT_BUNDLE_IDENTIFIER = Codepath.TipCalculatorUITests;
				PRODUCT_NAME = "$(TARGET_NAME)";
				SWIFT_VERSION = 5.0;
				TARGETED_DEVICE_FAMILY = "1,2";
				TEST_TARGET_NAME = TipCalculator;
			};
			name = Debug;
		};
		11BC81C425045B3300E4D38C /* Release */ = {
			isa = XCBuildConfiguration;
			buildSettings = {
				ALWAYS_EMBED_SWIFT_STANDARD_LIBRARIES = YES;
				CODE_SIGN_STYLE = Automatic;
				INFOPLIST_FILE = TipCalculatorUITests/Info.plist;
				LD_RUNPATH_SEARCH_PATHS = (
					"$(inherited)",
					"@executable_path/Frameworks",
					"@loader_path/Frameworks",
				);
				PRODUCT_BUNDLE_IDENTIFIER = Codepath.TipCalculatorUITests;
				PRODUCT_NAME = "$(TARGET_NAME)";
				SWIFT_VERSION = 5.0;
				TARGETED_DEVICE_FAMILY = "1,2";
				TEST_TARGET_NAME = TipCalculator;
			};
			name = Release;
		};
/* End XCBuildConfiguration section */

/* Begin XCConfigurationList section */
		11BC818D25045B3100E4D38C /* Build configuration list for PBXProject "TipCalculator" */ = {
			isa = XCConfigurationList;
			buildConfigurations = (
				11BC81BA25045B3300E4D38C /* Debug */,
				11BC81BB25045B3300E4D38C /* Release */,
			);
			defaultConfigurationIsVisible = 0;
			defaultConfigurationName = Release;
		};
		11BC81BC25045B3300E4D38C /* Build configuration list for PBXNativeTarget "TipCalculator" */ = {
			isa = XCConfigurationList;
			buildConfigurations = (
				11BC81BD25045B3300E4D38C /* Debug */,
				11BC81BE25045B3300E4D38C /* Release */,
			);
			defaultConfigurationIsVisible = 0;
			defaultConfigurationName = Release;
		};
		11BC81BF25045B3300E4D38C /* Build configuration list for PBXNativeTarget "TipCalculatorTests" */ = {
			isa = XCConfigurationList;
			buildConfigurations = (
				11BC81C025045B3300E4D38C /* Debug */,
				11BC81C125045B3300E4D38C /* Release */,
			);
			defaultConfigurationIsVisible = 0;
			defaultConfigurationName = Release;
		};
		11BC81C225045B3300E4D38C /* Build configuration list for PBXNativeTarget "TipCalculatorUITests" */ = {
			isa = XCConfigurationList;
			buildConfigurations = (
				11BC81C325045B3300E4D38C /* Debug */,
				11BC81C425045B3300E4D38C /* Release */,
			);
			defaultConfigurationIsVisible = 0;
			defaultConfigurationName = Release;
		};
/* End XCConfigurationList section */
	};
	rootObject = 11BC818A25045B3100E4D38C /* Project object */;
}
